
Microsoft Visual Studio Solution File, Format Version 12.00
# Visual Studio Version 17
VisualStudioVersion = 17.9.34616.47
MinimumVisualStudioVersion = 10.0.40219.1
Project("{FAE04EC0-301F-11D3-BF4B-00C04F79EFBC}") = "300griven", "300griven.csproj", "{79A212D2-5A06-478B-AE88-C74422B7EC99}"
EndProject
Global
	GlobalSection(SolutionConfigurationPlatforms) = preSolution
		Debug|Any CPU = Debug|Any CPU
		Release|Any CPU = Release|Any CPU
	EndGlobalSection
	GlobalSection(ProjectConfigurationPlatforms) = postSolution
		{79A212D2-5A06-478B-AE88-C74422B7EC99}.Debug|Any CPU.ActiveCfg = Debug|Any CPU
		{79A212D2-5A06-478B-AE88-C74422B7EC99}.Debug|Any CPU.Build.0 = Debug|Any CPU
		{79A212D2-5A06-478B-AE88-C74422B7EC99}.Release|Any CPU.ActiveCfg = Release|Any CPU
		{79A212D2-5A06-478B-AE88-C74422B7EC99}.Release|Any CPU.Build.0 = Release|Any CPU
	EndGlobalSection
	GlobalSection(SolutionProperties) = preSolution
		HideSolutionNode = FALSE
	EndGlobalSection
	GlobalSection(ExtensibilityGlobals) = postSolution
		SolutionGuid = {67498C14-E736-4405-893C-E970C687C800}
	EndGlobalSection
EndGlobal
